
Microsoft Visual Studio Solution File, Format Version 12.00
# Visual Studio Version 16
VisualStudioVersion = 16.0.29424.173
MinimumVisualStudioVersion = 10.0.40219.1
Project("{FAE04EC0-301F-11D3-BF4B-00C04F79EFBC}") = "Shopping", "Shopping\Shopping.csproj", "{46F2A0DE-3735-4D6F-ABD5-6A8EA721F183}"
EndProject
Project("{FAE04EC0-301F-11D3-BF4B-00C04F79EFBC}") = "ServerApp", "ServerApp\ServerApp.csproj", "{2EF40404-E116-4D1B-96C5-40F8CF0CCCA7}"
EndProject
Project("{FAE04EC0-301F-11D3-BF4B-00C04F79EFBC}") = "ClientApp", "ClientApp\ClientApp.csproj", "{EAE424C8-60AC-4D51-B2CA-B1C1859F8FEC}"
EndProject
Global
	GlobalSection(SolutionConfigurationPlatforms) = preSolution
		Debug|Any CPU = Debug|Any CPU
		Release|Any CPU = Release|Any CPU
	EndGlobalSection
	GlobalSection(ProjectConfigurationPlatforms) = postSolution
		{46F2A0DE-3735-4D6F-ABD5-6A8EA721F183}.Debug|Any CPU.ActiveCfg = Debug|Any CPU
		{46F2A0DE-3735-4D6F-ABD5-6A8EA721F183}.Debug|Any CPU.Build.0 = Debug|Any CPU
		{46F2A0DE-3735-4D6F-ABD5-6A8EA721F183}.Release|Any CPU.ActiveCfg = Release|Any CPU
		{46F2A0DE-3735-4D6F-ABD5-6A8EA721F183}.Release|Any CPU.Build.0 = Release|Any CPU
		{2EF40404-E116-4D1B-96C5-40F8CF0CCCA7}.Debug|Any CPU.ActiveCfg = Debug|Any CPU
		{2EF40404-E116-4D1B-96C5-40F8CF0CCCA7}.Debug|Any CPU.Build.0 = Debug|Any CPU
		{2EF40404-E116-4D1B-96C5-40F8CF0CCCA7}.Release|Any CPU.ActiveCfg = Release|Any CPU
		{2EF40404-E116-4D1B-96C5-40F8CF0CCCA7}.Release|Any CPU.Build.0 = Release|Any CPU
		{EAE424C8-60AC-4D51-B2CA-B1C1859F8FEC}.Debug|Any CPU.ActiveCfg = Debug|Any CPU
		{EAE424C8-60AC-4D51-B2CA-B1C1859F8FEC}.Debug|Any CPU.Build.0 = Debug|Any CPU
		{EAE424C8-60AC-4D51-B2CA-B1C1859F8FEC}.Release|Any CPU.ActiveCfg = Release|Any CPU
		{EAE424C8-60AC-4D51-B2CA-B1C1859F8FEC}.Release|Any CPU.Build.0 = Release|Any CPU
	EndGlobalSection
	GlobalSection(SolutionProperties) = preSolution
		HideSolutionNode = FALSE
	EndGlobalSection
	GlobalSection(ExtensibilityGlobals) = postSolution
		SolutionGuid = {3FD1382C-D2C5-4D6A-96B8-C09B728A4DBC}
	EndGlobalSection
EndGlobal
