
Microsoft Visual Studio Solution File, Format Version 12.00
# Visual Studio Version 16
VisualStudioVersion = 16.0.29424.173
MinimumVisualStudioVersion = 10.0.40219.1
Project("{FAE04EC0-301F-11D3-BF4B-00C04F79EFBC}") = "ThinClientApp", "ThinClientApp\ThinClientApp.csproj", "{F0461048-66DB-495A-8616-AD897AD0301A}"
EndProject
Global
	GlobalSection(SolutionConfigurationPlatforms) = preSolution
		Debug|Any CPU = Debug|Any CPU
		Release|Any CPU = Release|Any CPU
	EndGlobalSection
	GlobalSection(ProjectConfigurationPlatforms) = postSolution
		{F0461048-66DB-495A-8616-AD897AD0301A}.Debug|Any CPU.ActiveCfg = Debug|Any CPU
		{F0461048-66DB-495A-8616-AD897AD0301A}.Debug|Any CPU.Build.0 = Debug|Any CPU
		{F0461048-66DB-495A-8616-AD897AD0301A}.Release|Any CPU.ActiveCfg = Release|Any CPU
		{F0461048-66DB-495A-8616-AD897AD0301A}.Release|Any CPU.Build.0 = Release|Any CPU
	EndGlobalSection
	GlobalSection(SolutionProperties) = preSolution
		HideSolutionNode = FALSE
	EndGlobalSection
	GlobalSection(ExtensibilityGlobals) = postSolution
		SolutionGuid = {24EB162C-FC3E-4DB7-A750-34B603E23FFF}
	EndGlobalSection
EndGlobal
