
Microsoft Visual Studio Solution File, Format Version 12.00
# Visual Studio Version 16
VisualStudioVersion = 16.0.29424.173
MinimumVisualStudioVersion = 10.0.40219.1
Project("{FAE04EC0-301F-11D3-BF4B-00C04F79EFBC}") = "DomainApp", "DomainApp\DomainApp.csproj", "{F9AFC23B-67D8-49A7-A927-F9831A1ADA74}"
EndProject
Global
	GlobalSection(SolutionConfigurationPlatforms) = preSolution
		Debug|Any CPU = Debug|Any CPU
		Release|Any CPU = Release|Any CPU
	EndGlobalSection
	GlobalSection(ProjectConfigurationPlatforms) = postSolution
		{F9AFC23B-67D8-49A7-A927-F9831A1ADA74}.Debug|Any CPU.ActiveCfg = Debug|Any CPU
		{F9AFC23B-67D8-49A7-A927-F9831A1ADA74}.Debug|Any CPU.Build.0 = Debug|Any CPU
		{F9AFC23B-67D8-49A7-A927-F9831A1ADA74}.Release|Any CPU.ActiveCfg = Release|Any CPU
		{F9AFC23B-67D8-49A7-A927-F9831A1ADA74}.Release|Any CPU.Build.0 = Release|Any CPU
	EndGlobalSection
	GlobalSection(SolutionProperties) = preSolution
		HideSolutionNode = FALSE
	EndGlobalSection
	GlobalSection(ExtensibilityGlobals) = postSolution
		SolutionGuid = {A0E38088-EFEB-4EB6-8ECD-97587A981CA7}
	EndGlobalSection
EndGlobal
