
Microsoft Visual Studio Solution File, Format Version 12.00
# Visual Studio Version 16
VisualStudioVersion = 16.0.29318.209
MinimumVisualStudioVersion = 10.0.40219.1
Project("{FAE04EC0-301F-11D3-BF4B-00C04F79EFBC}") = "ComponentApp", "ComponentApp\ComponentApp.csproj", "{51B924A7-38EA-4449-9436-2D5EE5E16662}"
EndProject
Global
	GlobalSection(SolutionConfigurationPlatforms) = preSolution
		Debug|Any CPU = Debug|Any CPU
		Release|Any CPU = Release|Any CPU
	EndGlobalSection
	GlobalSection(ProjectConfigurationPlatforms) = postSolution
		{51B924A7-38EA-4449-9436-2D5EE5E16662}.Debug|Any CPU.ActiveCfg = Debug|Any CPU
		{51B924A7-38EA-4449-9436-2D5EE5E16662}.Debug|Any CPU.Build.0 = Debug|Any CPU
		{51B924A7-38EA-4449-9436-2D5EE5E16662}.Release|Any CPU.ActiveCfg = Release|Any CPU
		{51B924A7-38EA-4449-9436-2D5EE5E16662}.Release|Any CPU.Build.0 = Release|Any CPU
	EndGlobalSection
	GlobalSection(SolutionProperties) = preSolution
		HideSolutionNode = FALSE
	EndGlobalSection
	GlobalSection(ExtensibilityGlobals) = postSolution
		SolutionGuid = {F6EF6665-B133-4DF0-B7E9-5A45EC705EFF}
	EndGlobalSection
EndGlobal
