
Microsoft Visual Studio Solution File, Format Version 12.00
# Visual Studio Version 16
VisualStudioVersion = 16.0.29424.173
MinimumVisualStudioVersion = 10.0.40219.1
Project("{FAE04EC0-301F-11D3-BF4B-00C04F79EFBC}") = "ClientApp", "ClientApp\ClientApp.csproj", "{125A5B9E-FCD0-4526-9F29-A3CAD469EBF8}"
EndProject
Global
	GlobalSection(SolutionConfigurationPlatforms) = preSolution
		Debug|Any CPU = Debug|Any CPU
		Release|Any CPU = Release|Any CPU
	EndGlobalSection
	GlobalSection(ProjectConfigurationPlatforms) = postSolution
		{125A5B9E-FCD0-4526-9F29-A3CAD469EBF8}.Debug|Any CPU.ActiveCfg = Debug|Any CPU
		{125A5B9E-FCD0-4526-9F29-A3CAD469EBF8}.Debug|Any CPU.Build.0 = Debug|Any CPU
		{125A5B9E-FCD0-4526-9F29-A3CAD469EBF8}.Release|Any CPU.ActiveCfg = Release|Any CPU
		{125A5B9E-FCD0-4526-9F29-A3CAD469EBF8}.Release|Any CPU.Build.0 = Release|Any CPU
	EndGlobalSection
	GlobalSection(SolutionProperties) = preSolution
		HideSolutionNode = FALSE
	EndGlobalSection
	GlobalSection(ExtensibilityGlobals) = postSolution
		SolutionGuid = {54D2F000-0F86-4C7C-A846-E0A092C1B335}
	EndGlobalSection
EndGlobal
