
Microsoft Visual Studio Solution File, Format Version 12.00
# Visual Studio Version 16
VisualStudioVersion = 16.0.29424.173
MinimumVisualStudioVersion = 10.0.40219.1
Project("{FAE04EC0-301F-11D3-BF4B-00C04F79EFBC}") = "Shopping", "Shopping\Shopping.csproj", "{0881056C-3595-46B8-871D-DEEBD400D8E4}"
EndProject
Project("{FAE04EC0-301F-11D3-BF4B-00C04F79EFBC}") = "ServerApp", "ServerApp\ServerApp.csproj", "{1CFEFF7A-F159-4841-8EF8-572F683E350E}"
EndProject
Project("{FAE04EC0-301F-11D3-BF4B-00C04F79EFBC}") = "ClientApp", "ClientApp\ClientApp.csproj", "{630E2E1D-A7E6-4851-AB8A-BBBAE55AD468}"
EndProject
Global
	GlobalSection(SolutionConfigurationPlatforms) = preSolution
		Debug|Any CPU = Debug|Any CPU
		Release|Any CPU = Release|Any CPU
	EndGlobalSection
	GlobalSection(ProjectConfigurationPlatforms) = postSolution
		{0881056C-3595-46B8-871D-DEEBD400D8E4}.Debug|Any CPU.ActiveCfg = Debug|Any CPU
		{0881056C-3595-46B8-871D-DEEBD400D8E4}.Debug|Any CPU.Build.0 = Debug|Any CPU
		{0881056C-3595-46B8-871D-DEEBD400D8E4}.Release|Any CPU.ActiveCfg = Release|Any CPU
		{0881056C-3595-46B8-871D-DEEBD400D8E4}.Release|Any CPU.Build.0 = Release|Any CPU
		{1CFEFF7A-F159-4841-8EF8-572F683E350E}.Debug|Any CPU.ActiveCfg = Debug|Any CPU
		{1CFEFF7A-F159-4841-8EF8-572F683E350E}.Debug|Any CPU.Build.0 = Debug|Any CPU
		{1CFEFF7A-F159-4841-8EF8-572F683E350E}.Release|Any CPU.ActiveCfg = Release|Any CPU
		{1CFEFF7A-F159-4841-8EF8-572F683E350E}.Release|Any CPU.Build.0 = Release|Any CPU
		{630E2E1D-A7E6-4851-AB8A-BBBAE55AD468}.Debug|Any CPU.ActiveCfg = Debug|Any CPU
		{630E2E1D-A7E6-4851-AB8A-BBBAE55AD468}.Debug|Any CPU.Build.0 = Debug|Any CPU
		{630E2E1D-A7E6-4851-AB8A-BBBAE55AD468}.Release|Any CPU.ActiveCfg = Release|Any CPU
		{630E2E1D-A7E6-4851-AB8A-BBBAE55AD468}.Release|Any CPU.Build.0 = Release|Any CPU
	EndGlobalSection
	GlobalSection(SolutionProperties) = preSolution
		HideSolutionNode = FALSE
	EndGlobalSection
	GlobalSection(ExtensibilityGlobals) = postSolution
		SolutionGuid = {C0A26E57-D934-4FF9-873F-5CE5B7CD0358}
	EndGlobalSection
EndGlobal
